{
  "name": "auf-web-app",
  "version": "1.0.0",
  "lockfileVersion": 3,
  "requires": true,
  "packages": {
    "": {
      "name": "auf-web-app",
      "version": "1.0.0",
      "license": "ISC",
      "dependencies": {
        "tonconnect": "github:ton-connect/sdk"
      }
    },
    "node_modules/tonconnect": {
      "version": "2.0.0",
      "resolved": "git+ssh://git@github.com/ton-connect/sdk.git#35aab00ee380d41247bb967c701c75c21a9dc8c1",
      "workspaces": [
        "packages/**"
      ]
    }
  }
}
